github.com/andybalholm/brotli v1.1.0 h1:eLKJA0d02Lf0mVD0CNS+zAp6nAstafa+3XP3QRaLvQ=
github.com/andybalholm/brotli v1.1.0/go.mod h1:sms7XoA9GfmbVee2macD7ls9WhJkwKL6m+ouBtIcA8=
github.com/davecgh/go-spew v1.1.0/go.mod h1:J7Y8YcW2NihsgmVo/mv3lAwl/skON4iLHjSsI+c5H8=
github.com/davecgh/go-spew v1.1.1 h1:DkWD4oS2D8LrgSCbyxyWgQrCdNT3f0NEOeEg2nY64=
github.com/davecgh/go-spew v1.1.1/go.mod h1:J7Y8YcW2NihsgmVo/mv3lAwl/skON4iLHjSsI+c5H8=
github.com/gabriel-vasile/mimetype v1.4.2 h1:w5qFW6JKBz9+b3HjPkYY+8AyVULuxnwNzj4XVKSPM=
github.com/gabriel-vasile/mimetype v1.4.2/go.mod h1:zApsH/mKG4w07erNFiQpt+QO4h+Z7zJUH9QLWxNNQA=
github.com/go-playground/locales v0.14.1 h1:EWaQ/wswjilfKLTECiXz7Rh+3BjFhfDFKv/oXslEjU=
github.com/go-playground/locales v0.14.1/go.mod h1:hxrqLVvrK65+Rwk5srzYQTjqtamt6Q+23bFO7F2fsQ=
github.com/go-playground/universal-translator v0.18.1 h1:Dl7YIkD7qHz3uVZzL2NtdeM6head+GyqaxAaP9ts7s=
github.com/go-playground/universal-translator v0.18.1/go.mod h1:xekY+UJKNuX9WP91TpwSH2VMlDf28Uj24BCp08ZFTQ=
github.com/go-playground/validator/v10 v10.16.0 h1:x+plE831WK4vaKHO0V+Is/zRC4aEL7O56bAjFTQfno=
github.com/go-playground/validator/v10 v10.16.0/go.mod h1:9iXMNT7sEkjXb0mlCLjogAxvm+Fr/5YGzY8Fy5i1A8=
github.com/gofiber/fiber/v2 v2.51.0 h1:JNACcZy5Z2zLUpBObsidasKLjDkaWkd8Lij3E03e30=
github.com/gofiber/fiber/v2 v2.51.0/go.mod h1:xaQRZQJGqnKOQnbQw+ltvku3/h8QxvNi8o6JiJ7Ll0U=
github.com/golang-jwt/jwt/v5 v5.2.0 h1:d/IzQCvvDA1aglo/7L4gDE+5ryXiCJqzLR1j1TgKLs=
github.com/golang-jwt/jwt/v5 v5.2.0/go.mod h1:pqrtFR0X4osieyHYxtXqJsarF8v3xH42cnu7H5LaKk=
github.com/google/uuid v1.5.0 h1:1mLB0tR9E6w9wXJe4lDiVJgFb/L2zWMGh2D2I3PwSM=
github.com/google/uuid v1.5.0/go.mod h1:TIyPZe4MgqvfeYDBFedMoGGpEw/LqYnaEksRUpER20=
github.com/joho/godotenv v1.5.1 h1:7NXal2zijlMJQqGWN6CK+3oNWUIMXX51packeting=
github.com/joho/godotenv v1.5.1/go.mod h1:f4LDr5Voq0i2e/R5DDNOoa2zzDfwtkZa49BvMvueQ8=
github.com/klauspost/compress v1.17.4 h1:Ej5ixsIri7BrIjLkiZkC6PsEskGZrSc0DjlwcqWcA4=
github.com/klauspost/compress v1.17.4/go.mod h1:/dCuQ7MRRepc4fgcJjZ1yhdnuJRQXpkxXyRaAWdt0g=
github.com/leodido/go-urn v1.2.4 h1:XlAE/cm/ms7TE/VMVoduSf1V+Zmbat5ci5MYEMRAp0=
github.com/leodido/go-urn v1.2.4/go.mod h1:7ZrI8mTSeBSHl/UaIrtnY9X8DRrq1r9W65DIIYnydQ=
github.com/lib/pq v1.10.9 h1:YXG7RB+JIjhP29X+OtkiDnYaXQsIV+VNpHKrndQYLo=
github.com/lib/pq v1.10.9/go.mod h1:AlVxuMorxvUcrtkJstZIIlpLMsGMzqL9QStCxFqfhQ=
github.com/mattn/go-colorable v0.1.13 h1:fFA4WZxvqiGlVrHz5S3gO9ZPbqaerroLoNc7p8p5jE=
github.com/mattn/go-colorable v0.1.13/go.mod h1:7S9/ev0klgBchAymUprVJ8NVPvL+9N2g7BCuP3x1KU=
github.com/mattn/go-isatty v0.0.20 h1:xfD0iDuEKnJXr2XWLyB+0DywdrM/NjNd7FvuI45BJ8=
github.com/mattn/go-isatty v0.0.20/go.mod h1:W+V8PltTTMOvKvAeJH7IuMHDd3m3dgKBka20dtpR1k=
github.com/mattn/go-runewidth v0.0.15 h1:UNAjwbU9l54TA5KUMeDRrb5a9 духхGXGhgo5wJ7 frederZ9c2LwI6G6/z8H8bB8DvHXEArJZR13D8cqNqCXq6dM=
github.com/mattn/go-runewidth v0.0.15/go.mod h1:Mw6PkjjMXWbTj+aNaDi7WyX72IgYkLmjewx5zbypy0=
github.com/philhofer/fwd v1.1.2 h1:bnDivRJ1EWH5G3vvz2JHjw74ZODXXNCn56dSMsIrwM=
github.com/philhofer/fwd v1.1.2/go.mod h1:qkPbFs5XisdGGVnzf2qg7xvAkVHVhWgezn6u7yVR64=
github.com/pmezard/go-difflib v1.0.0 h1:4DBwDE0NGyQoBHrk94Anf1gQ2/3prNhby3MewQoview=
github.com/pmezard/go-difflib v1.0.0/go.mod h1:iKH77koFhYxTK1pcRnkGLp1qkIq1SGkq8tT0j72Rw8=
github.com/rivo/uniseg v0.2.0 h1:S1pD9weZBuJsY/tLvWQo6HH4Sac15nzqylucPstjAU=
github.com/rivo/uniseg v0.2.0/go.mod h1:J6wj4VEAA+B7AIzo2+DmLi1eL2I9tJe/vaQLnHQIro=
github.com/stretchr/objx v0.1.0/go.mod h1:HFkY916IF+rwdDfVQKGpqpr51Z68t+zccXErd4ule4=
github.com/stretchr/testify v1.7.0/go.mod h1:6Fq8oJkqsSGErVXQzff9/ecF7rv8q9ZzILTJeCccU=
github.com/stretchr/testify v1.8.4 h1:CcVxjf3Q8zt3FZSD3rEV+McgigzP8b+0w9jq1/eCw=
github.com/stretchr/testify v1.8.4/go.mod h1:sz/wgYrFC2ev7kMmmbotQD+EwLvW40QQBsEN+tWdc0=
github.com/swaggo/files v1.0.1 h1:gSvMxpWEHlou+jvn60Cuq5axmyecUpg8IDm92f3SO0=
github.com/swaggo/files v1.0.1/go.mod h1:R0Gpsv52vHQl7aHLAMGBRQmdpnMW3qqecrriQiWVAY=
github.com/swaggo/swag v1.16.2 h1:28G7Y7kQnqnE4WjKVrWS/qfJbKVfKa2kFEzD4yFI4s=
github.com/swaggo/swag v1.16.2/go.mod h1:O5SZfJpX3k8Wm6q3/RiuM5l3vy50gPt8Ei6dJmkWY=
github.com/tinylib/msgp v1.1.8 h1:FCTP8dwScwjUEhKQiWe0QuLc/2L+P524DM3suIScLE=
github.com/tinylib/msgp v1.1.8/go.mod h1:qkMmE8+H5XzpRUKMxqiUg1dEtsUtesKKQL2/heading=
github.com/valyala/bytebufferpool v1.0.0 h1:GqA5TC/0021Y+zlxE7KHAg2n4i8uI+JgLeY0oO1f8k=
github.com/valyala/bytebufferpool v1.0.0/go.mod h1:6bBcTH+uu+s+1t+PKrCFduQB9tVsEXE1A7rmgi5sEo=
github.com/valyala/fasthttp v1.50.0 h1:H7fweIlBm/mmkFnEBQtB3/0mCcRm/0sSFSc12MYsE8=
github.com/valyala/fasthttp v1.50.0/go.mod h1:k0min5i3rH9Sky5kDOuWu62rkLvb4l8p5y8nhc0arU=
github.com/valyala/tcplisten v1.0.0 h1:rBHj/Xf+E1tPW+fdWrSJ+aXcLV3PtQWIIon4w3qaQo=
github.com/valyala/tcplisten v1.0.0/go.mod h1:T0xQ8SfqNe9S0IvDwChsx7+DkkvsSFkc10fSiUY45I=
golang.org/x/crypto v0.17.0 h1:bnNYRms/q8LQmjNjBv24vmv7vl5q/dkYHxR57H3mJU=
golang.org/x/crypto v0.17.0/go.mod h1:gCAAfMLgwOJRpTjwVvLfV5nPB4Rg4+UVzaVVO7T3U8=
golang.org/x/sys v0.15.0 h1:frVn1UL+rQI3nwvUFly5cc3XHl2l1kUAXvmwK8MEu4=
golang.org/x/sys v0.15.0/go.mod h1:/VUhepjiYXu/9BLeFfB+THrPIsM4GSvDmP1Gp2vI00=
golang.org/x/text v0.13.0 h1:ablQoSUd0tRdKxZTN98ZLlwEO7m8prwxfNZjRqstQ8=
golang.org/x/text v0.13.0/go.mod h1:TvPlkZn8NVf1x4mZMN8kJ5iN3G2faZVoxUs2efqNcA=
