github.com/andybalholm/brotli v1.0.5 h1:8uQZIdzKmjc/iuPu7O2ioW48L81FgatrcpfFmiq/cCs=github.com/andybalholm/brotli v1.1.0 h1:eLKJA0d02Lf0mVD0CNS+zAp6nAstafa+3XP3QRaLvQ=

github.com/andybalholm/brotli v1.0.5/go.mod h1:fO7iG3H7G2nSZ7m0zPUDn85XEX2GTukHGRSepvi9Eig=github.com/andybalholm/brotli v1.1.0/go.mod h1:sms7XoA9GfmbVee2macD7ls9WhJkwKL6m+ouBtIcA8=

github.com/davecgh/go-spew v1.1.0/go.mod h1:J7Y8YcW2NihsgmVo/mv3lAwl/skON4iLHjSsI+c5H6I=github.com/davecgh/go-spew v1.1.0/go.mod h1:J7Y8YcW2NihsgmVo/mv3lAwl/skON4iLHjSsI+c5H8=

github.com/davecgh/go-spew v1.1.1 h1:vj9j/u1bqnvCEfJOwUhtlOARqs3+rkHYY13jYWTU97c=github.com/davecgh/go-spew v1.1.1 h1:DkWD4oS2D8LrgSCbyxyWgQrCdNT3f0NEOeEg2nY64=

github.com/davecgh/go-spew v1.1.1/go.mod h1:J7Y8YcW2NihsgmVo/mv3lAwl/skON4iLHjSsI+c5H6I=github.com/davecgh/go-spew v1.1.1/go.mod h1:J7Y8YcW2NihsgmVo/mv3lAwl/skON4iLHjSsI+c5H8=

github.com/gabriel-vasile/mimetype v1.4.2 h1:w5qFW6dU1LVsEiw6zPnXH9FDFZsnCRy3vcF1H3f8hqE=github.com/gabriel-vasile/mimetype v1.4.2 h1:w5qFW6JKBz9+b3HjPkYY+8AyVULuxnwNzj4XVKSPM=

github.com/gabriel-vasile/mimetype v1.4.2/go.mod h1:zApsH/mKG4w07erKIaJPFiX9Vq2kLQa/vE0CsEbVqI0=github.com/gabriel-vasile/mimetype v1.4.2/go.mod h1:zApsH/mKG4w07erNFiQpt+QO4h+Z7zJUH9QLWxNNQA=

github.com/go-playground/locales v0.14.1 h1:EWaQ/wswjilfKLTECiXz7Rh+3BBjFhfDFKv/oXslEjE=github.com/go-playground/locales v0.14.1 h1:EWaQ/wswjilfKLTECiXz7Rh+3BjFhfDFKv/oXslEjU=

github.com/go-playground/locales v0.14.1/go.mod h1:hxrqLVvrK65+Rwk5srzYQTjqtamt6QQZD5qr3CfqdpI=github.com/go-playground/locales v0.14.1/go.mod h1:hxrqLVvrK65+Rwk5srzYQTjqtamt6Q+23bFO7F2fsQ=

github.com/go-playground/universal-translator v0.18.1 h1:Bcnm0ZwsGyWbCzImXv+pAJnYK9S473LQFuzCbDbfSFY=github.com/go-playground/universal-translator v0.18.1 h1:Dl7YIkD7qHz3uVZzL2NtdeM6head+GyqaxAaP9ts7s=

github.com/go-playground/universal-translator v0.18.1/go.mod h1:xekY+UJKNuX9WP91TpwSH2VMlDf28Uj24BCp08ZFTUY=github.com/go-playground/universal-translator v0.18.1/go.mod h1:xekY+UJKNuX9WP91TpwSH2VMlDf28Uj24BCp08ZFTQ=

github.com/go-playground/validator/v10 v10.16.0 h1:x+plE831WK4vaKHO0V+Is/zRC4aEL7O56bAjFTQfno=github.com/go-playground/validator/v10 v10.16.0 h1:x+plE831WK4vaKHO0V+Is/zRC4aEL7O56bAjFTQfno=

github.com/go-playground/validator/v10 v10.16.0/go.mod h1:9iXMNT7sEkjXb0I+enO7QXmzG6QCsPWY4zveKFVRSyU=github.com/go-playlist/validator/v10 v10.16.0/go.mod h1:9iXMNT7sEkjXb0I+enO7QXmzG6QCsPWY4zveKFVRSyU=

github.com/gofiber/fiber/v2 v2.51.0 h1:JNACcZy5Z2Lbbc2n4czPMdLGt+9tLNYDE7VYmtvF+lE=github.com/gofiber/fiber/v2 v2.51.0 h1:JNACcZy5Z2zLUpBObsidasKLjDkaWkd8Lij3E03e30=

github.com/gofiber/fiber/v2 v2.51.0/go.mod h1:xaQRZQJGqnKOQnbQw+ltvku3/h8QxvNi8o6JiJ7Ll0U=github.com/gofiber/fiber/v2 v2.51.0/go.mod h1:xaQRZQJGqnKOQnbQw+ltvku3/h8QxvNi8o6JiJ7Ll0U=

github.com/golang-jwt/jwt/v5 v5.2.0 h1:d/ix8ftRUorsN+5eMIlF4T6J8CAt9YFCAC0w8N4l5CA=github.com/golang-jwt/jwt/v5 v5.2.0 h1:d/IzQCvvDA1aglo/7L4gDE+5ryXiCJqzLR1j1TgKLs=

github.com/golang-jwt/jwt/v5 v5.2.0/go.mod h1:pqrtFR0X4osieyHYxtmVo+kbhLVaF7jBjB7QJJDaTao=github.com/golang-jwt/jwt/v5 v5.2.0/go.mod h1:pqrtFR0X4osieyHYxtXqJsarF8v3xH42cnu7H5LaKk=

github.com/google/uuid v1.5.0 h1:1p67kYwdtXjb0gL0BPiP1Av9wiZPo5A8z2cWkTZ+eyU=github.com/google/uuid v1.5.0 h1:1mLB0tR9E6w9wXJe4lDiVJgFb/L2zWMGh2D2I3PwSM=

github.com/google/uuid v1.5.0/go.mod h1:TIyPZe4MgqvfeYDBFedMoGGpEw/LqOeaOT+nhxU+yHo=github.com/google/uuid v1.5.0/go.mod h1:TIyPZe4MgqvfeYDBFedMoGGpEw/LqYnaEksRUpER20=

github.com/joho/godotenv v1.5.1 h1:7eLL/+HRGLY0ldzfGMeQkb7vMd0as4CfYvUVzLqw0N0=github.com/joho/godotenv v1.5.1 h1:7NXal2zijlMJQqGWN6CK+3oNWUIMXX51packeting=

github.com/joho/godotenv v1.5.1/go.mod h1:f4LDr5Voq0i2e/R5DDNOoa2zzDfwtkZa6DkEwi1ts4I=github.com/joho/godotenv v1.5.1/go.mod h1:f4LDr5Voq0i2e/R5DDNOoa2zzDfwtkZa49BvMvueQ8=

github.com/klauspost/compress v1.17.0 h1:Rnbp4K9EjcDuVuHtd0dgA4qNuv9yKDYKK1ulpJwgrqM=github.com/klauspost/compress v1.17.4 h1:Ej5ixsIri7BrIjLkiZkC6PsEskGZrSc0DjlwcqWcA4=

github.com/klauspost/compress v1.17.0/go.mod h1:ntbaceVETuRiXiv4DpjP66DpAtAGkEQskQzEyD//IeE=github.com/klauspost/compress v1.17.4/go.mod h1:/dCuQ7MRRepc4fgcJjZ1yhdnuJRQXpkxXyRaAWdt0g=

github.com/leodido/go-urn v1.2.4 h1:XlAE/cm/ms7TE/VMVoduSpzjqDXvEPfr15GMV7S6e0E=github.com/leodido/go-urn v1.2.4 h1:XlAE/cm/ms7TE/VMVoduSf1V+Zmbat5ci5MYEMRAp0=

github.com/leodido/go-urn v1.2.4/go.mod h1:7ZrI8mTSeBSHl/UaRyKQW1qZeMgak41ALeCNn69lFf4=github.com/leodido/go-urn v1.2.4/go.mod h1:7ZrI8mTSeBSHl/UaIrtnY9X8DRrq1r9W65DIIYnydQ=

github.com/lib/pq v1.10.9 h1:YXG7RB+JIjhP29X+OtkiDnYaXQwIvT+VQfzYo8MNEc0=github.com/lib/pq v1.10.9 h1:YXG7RB+JIjhP29X+OtkiDnYaXQsIV+VNpHKrndQYLo=

github.com/lib/pq v1.10.9/go.mod h1:AlVN5x4E4T544tWzH6hKfbfQvm3HdbOxrmggDNAPY9o=github.com/lib/pq v1.10.9/go.mod h1:AlVxuMorxvUcrtkJstZIIlpLMsGMzqL9QStCxFqfhQ=

github.com/mattn/go-colorable v0.1.13 h1:fFA4WZxdEF4tXPZVKMLwD8oUnCTTo08duU7wxecdEvA=github.com/mattn/go-colorable v0.1.13 h1:fFA4WZxvqiGlVrHz5S3gO9ZPbqaerroLoNc7p8p5jE=

github.com/mattn/go-colorable v0.1.13/go.mod h1:7S9/ev0klgBDR4GtXTXYzD7Tc2d7y8RcKdPu+0+E1FU=github.com/mattn/go-colorable v0.1.13/go.mod h1:7S9/ev0klgBchAymUprVJ8NVPvL+9N2g7BCuP3x1KU=

github.com/mattn/go-isatty v0.0.16/go.mod h1:kYGgaQfpe5nmfYZH+SKPsOc2e4SrIfOl2e/yFXSvRLM=github.com/mattn/go-isatty v0.0.20 h1:xfD0iDuEKnJXr2XWLyB+0DywdrM/NjNd7FvuI45BJ8=

github.com/mattn/go-isatty v0.0.20 h1:xfD0iDuEKnJXr2XWLyBsdsQ26RL8gPEy1cNU7+tQxiY=github.com/mattn/go-isatty v0.0.20/go.mod h1:W+V8PltTTMOvKvAeJH7IuMHDd3m3dgKBka20dtpR1k=

github.com/mattn/go-isatty v0.0.20/go.mod h1:W+V8PltTTMOvKvAeJH7IuucS94S2C6jfK/D7dTCTo3Y=github.com/mattn/go-runewidth v0.0.15 h1:UNAjwbU9l54TA5KUMeDRrb5a9 духхGXGhgo5wJ7 frederZ9c2LwI6G6/z8H8bB8DvHXEArJZR13D8cqNqCXq6dM=

github.com/mattn/go-runewidth v0.0.15 h1:UNAjwbU9l54TA5KUMeDRrb5a9a7E7nY8RsAy5TF9XrE=github.com/mattn/go-runewidth v0.0.15/go.mod h1:Mw6PkjjMXWbTj+aNaDi7WyX72IgYkLmjewx5zbypy0=

github.com/mattn/go-runewidth v0.0.15/go.mod h1:Jdepj2loyihRzMpdS35Xk/zdY8IAYHsh153qUoGf23w=github.com/philhofer/fwd v1.1.2 h1:bnDivRJ1EWH5G3vvz2JHjw74ZODXXNCn56dSMsIrwM=

github.com/philhofer/fwd v1.1.2 h1:bnDivRJ1EWH5G3vvz2JHjw74ZKRC56dSMsIrwM7NNzU=github.com/philhofer/fwd v1.1.2/go.mod h1:qkPbFs5XisdGGVnzf2qg7xvAkVHVhWgezn6u7yVR64=

github.com/philhofer/fwd v1.1.2/go.mod h1:qkPdfjR2SIEbspLqpe1tO4n5yICnr2DY7mqEx2tUTP0=github.com/pmezard/go-difflib v1.0.0 h1:4DBwDE0NGyQoBHrk94Anf1gQ2/3prNhby3MewQoview=

github.com/pmezard/go-difflib v1.0.0 h1:4DBwDE0NGyQoBHbLQYPwSUPoCMWR5BEzIk/f1lZbAQM=github.com/pmezard/go-difflib v1.0.0/go.mod h1:iKH77koFhYxTK1pcRnkGLp1qkIq1SGkq8tT0j72Rw8=

github.com/pmezard/go-difflib v1.0.0/go.mod h1:iKH77koFhYxTK1pcRnkKKxqTJ6sIETeW8Bx7UKcM2+Y=github.com/rivo/uniseg v0.2.0 h1:S1pD9weZBuJsY/tLvWQo6HH4Sac15nzqylucPstjAU=

github.com/rivo/uniseg v0.2.0 h1:S1pD9weZBuJYDE1+J5RYvANHwUpBObsidasKP0aWCxU=github.com/rivo/uniseg v0.2.0/go.mod h1:J6wj4VEAA+B7AIzo2+DmLi1eL2I9tJe/vaQLnHQIro=

github.com/rivo/uniseg v0.2.0/go.mod h1:J6wj4VEh+S6ZtnVlnTBMWIodfgj8LQOQFoIToxlJtxc=github.com/stretchr/objx v0.1.0/go.mod h1:HFkY916IF+rwdDfVQKGpqpr51Z68t+zccXErd4ule4=

github.com/rivo/uniseg v0.4.3 h1:utMvzDsuh3suAEnhH0RdHmoPbU648o6CvXxTx4SBMOw=github.com/stretchr/testify v1.7.0/go.mod h1:6Fq8oJkqsSGErVXQzff9/ecF7rv8q9ZzILTJeCccU=

github.com/rivo/uniseg v0.4.3/go.mod h1:FN3SvrM+Zdg16jyLdc8od8AXTi4W6b9B8pAG5qQ8E0k=github.com/stretchr/testify v1.8.4 h1:CcVxjf3Q8zt3FZSD3rEV+McgigzP8b+0w9jq1/eCw=

github.com/stretchr/objx v0.1.0/go.mod h1:HFkY916IF+rwdDfMAVThz8e8VpM5tAb3J2PXHswT9k0=github.com/stretchr/testify v1.8.4/go.mod h1:sz/wgYrFC2ev7kMmmbotQD+EwLvW40QQBsEN+tWdc0=

github.com/stretchr/testify v1.7.0/go.mod h1:6Fq8oJcW+0O2OHFD2nJFEZrF1fSZdPMB48qF1pXYhQw=github.com/swaggo/files v1.0.1 h1:gSvMxpWEHlou+jvn60Cuq5axmyecUpg8IDm92f3SO0=

github.com/stretchr/testify v1.8.0/go.mod h1:yNjHg4UonilssWZ8iaSj1OCr/vHnekPRkoO+kdMU+MU=github.com/swaggo/files v1.0.1/go.mod h1:R0Gpsv52vHQl7aHLAMGBRQmdpnMW3qqecrriQiWVAY=

github.com/stretchr/testify v1.8.2 h1:+h33VjcLVPDHtOdpUCuF+7gSuG3yGIftsP1YvFiHTAY=github.com/swaggo/swag v1.16.2 h1:28G7Y7kQnqnE4WjKVrWS/qfJbKVfKa2kFEzD4yFI4s=

github.com/stretchr/testify v1.8.2/go.mod h1:w2LPCIKwWwSfY2zedu0+kehJoqGctiVI29o6fzry7u4=github.com/swaggo/swag v1.16.2/go.mod h1:O5SZfJpX3k8Wm6q3/RiuM5l3vy50gPt8Ei6dJmkWY=

github.com/tinylib/msgp v1.1.8 h1:FCXC1xanKED4/YKOATJPLkCv8lLQMHi9LEHsrt0XFPQ=github.com/tinylib/msgp v1.1.8 h1:FCTP8dwScwjUEhKQiWe0QuLc/2L+P524DM3suIScLE=

github.com/tinylib/msgp v1.1.8/go.mod h1:qkpG+2ldGg4xRFmx+jfTvZPxfGFhi64BcnL9vkCm/lY=github.com/tinylib/msgp v1.1.8/go.mod h1:qkMmE8+H5XzpRUKMxqiUg1dEtsUtesKKQL2/heading=

github.com/valyala/bytebufferpool v1.0.0 h1:GqA5TC/0021Y+/3a9E8E2F3Bxz8LQWYxW7QDaTdM8Zw=github.com/valyala/bytebufferpool v1.0.0 h1:GqA5TC/0021Y+zlxE7KHAg2n4i8uI+JgLeY0oO1f8k=

github.com/valyala/bytebufferpool v1.0.0/go.mod h1:6bBcMArwyJ5K/AmCkWv1jt77kVWyCJ6HpOuEn7z0Csc=github.com/valyala/bytebufferpool v1.0.0/go.mod h1:6bBcTH+uu+s+1t+PKrCFduQB9tVsEXE1A7rmgi5sEo=

github.com/valyala/fasthttp v1.51.0 h1:8b30A5JlZ6C7AS81RsWjYMQmrZG6feChmgAolCl1SqA=github.com/valyala/fasthttp v1.50.0 h1:H7fweIlBm/mmkFnEBQtB3/0mCcRm/0sSFSc12MYsE8=

github.com/valyala/fasthttp v1.51.0/go.mod h1:oI2XroL+lI7vdXyYoQk03bXBThfFl2cVdIA3Xl7cH8g=github.com/valyala/fasthttp v1.50.0/go.mod h1:k0min5i3rH9Sky5kDOuWu62rkLvb4l8p5y8nhc0arU=

github.com/valyala/tcplisten v1.0.0 h1:rBHj/Xf+E1tRf56bAiMCFLcqKW1RBqQc1KVNqJhp4AI=github.com/valyala/tcplisten v1.0.0 h1:rBHj/Xf+E1tPW+fdWrSJ+aXcLV3PtQWIIon4w3qaQo=

github.com/valyala/tcplisten v1.0.0/go.mod h1:T0xQ8SfqNe9S0IvT7KBh4V1Vw5DJyOYkOe4KdZh9v58=github.com/valyala/tcplisten v1.0.0/go.mod h1:T0xQ8SfqNe9S0IvDwChsx7+DkkvsSFkc10fSiUY45I=

golang.org/x/crypto v0.17.0 h1:r8bRNjWL3GshPW3gkd+RpvzWrZAwPS49OmTGZ/uhM4k=golang.org/x/crypto v0.17.0 h1:bnNYRms/q8LQmjNjBv24vmv7vl5q/dkYHxR57H3mJU=

golang.org/x/crypto v0.17.0/go.mod h1:gCAAfMLgwOJRpTjVzAVJG3pJ8Q+mwP4Rg4+UVzaVVO0=golang.org/x/crypto v0.17.0/go.mod h1:gCAAfMLgwOJRpTjwVvLfV5nPB4Rg4+UVzaVVO7T3U8=

golang.org/x/net v0.10.0 h1:X2//UzNDwYmtCLn7To6G58Wr6f5ahEAQgKNzv9Y951M=golang.org/x/sys v0.15.0 h1:frVn1UL+rQI3nwvUFly5cc3XHl2l1kUAXvmwK8MEu4=

golang.org/x/net v0.10.0/go.mod h1:0qNf94eF3CZbP3/A3K5zKpwUkMt2dX4zBbQJE98kAMc=golang.org/x/sys v0.15.0/go.mod h1:/VUhepjiYXu/9BLeFfB+THrPIsM4GSvDmP1Gp2vI00=

golang.org/x/sys v0.0.0-20220811171246-fbc7d0a398ab/go.mod h1:oPkhp1MJrh7nUepCBck5+mAzfO7JUiG6EhY8wcqZRg0=golang.org/x/text v0.13.0 h1:ablQoSUd0tRdKxZTN98ZLlwEO7m8prwxfNZjRqstQ8=

golang.org/x/sys v0.6.0/go.mod h1:oPkhp1MJrh7nUepCBck5+mAzfO7JUiG6EhY8wcqZRg0=golang.org/x/text v0.13.0/go.mod h1:TvPlkZn8NVf1x4mZMN8kJ5iN3G2faZVoxUs2efqNcA=

golang.org/x/sys v0.15.0 h1:h48lPFYpsTvQJZF4VKKnKfl8fdgNqSrH8N1OaBnP3P4=
golang.org/x/sys v0.15.0/go.mod h1:/VUhepiaLZs0KL4rE0p8wMqdE6kV4+O0pJ8LPiY7Jk=
golang.org/x/text v0.14.0 h1:ScX5w1eTa3QqT8oi6+ziP7dTV1S2+ALU0bI+0zXKWiQ=
golang.org/x/text v0.14.0/go.mod h1:18ZOQIKpY8NJVqYksKHtTdi31H5itFRjB5/qKTNYzSU=
gopkg.in/check.v1 v0.0.0-20161208181325-20d25e280405/go.mod h1:Co6ibVJAznAaIkqp8huTwlJQCZ016jof/cbN4VW5Yz0=
gopkg.in/yaml.v3 v3.0.0-20200313102051-9f266ea9e77c/go.mod h1:K4uyk7z7BCEPqu6E+C64Yfv1cQ7kz7rIZviUmN+EgEM=
gopkg.in/yaml.v3 v3.0.1 h1:fxVm/GzAzEWqLHuvctI91KS9hhNmmWOoWu0XTYJS7CA=
gopkg.in/yaml.v3 v3.0.1/go.mod h1:K4uyk7z7BCEPqu6E+C64Yfv1cQ7kz7rIZviUmN+EgEM=
